<?xml version="1.0" encoding="utf-8"?>
<Project ToolsVersion="4.0" xmlns="http://schemas.microsoft.com/developer/msbuild/2003">
  <ItemGroup>
    <Filter Include="Source Files">
      <UniqueIdentifier>{4FC737F1-C7A5-4376-A066-2A32D752A2FF}</UniqueIdentifier>
      <Extensions>cpp;c;cc;cxx;c++;cppm;ixx;def;odl;idl;hpj;bat;asm;asmx</Extensions>
    </Filter>
    <Filter Include="Header Files">
      <UniqueIdentifier>{93995380-89BD-4b04-88EB-625FBE52EBFB}</UniqueIdentifier>
      <Extensions>h;hh;hpp;hxx;h++;hm;inl;inc;ipp;xsd</Extensions>
    </Filter>
    <Filter Include="Source Files\array">
      <UniqueIdentifier>{a08bd024-deca-4f3b-882b-cf4ec21bf80c}</UniqueIdentifier>
    </Filter>
    <Filter Include="Source Files\stack">
      <UniqueIdentifier>{58127662-1daf-4f9c-b69f-d55da0684048}</UniqueIdentifier>
    </Filter>
    <Filter Include="Source Files\queue">
      <UniqueIdentifier>{eed37405-d0a4-4367-9879-aa510ba5976a}</UniqueIdentifier>
    </Filter>
    <Filter Include="Source Files\hash">
      <UniqueIdentifier>{43431ad5-725f-45b7-845e-062b21980f21}</UniqueIdentifier>
    </Filter>
    <Filter Include="Source Files\tree">
      <UniqueIdentifier>{df3ee443-3bee-4f39-a65b-728193690d6e}</UniqueIdentifier>
    </Filter>
    <Filter Include="Source Files\set">
      <UniqueIdentifier>{3ff4dae9-5aab-4732-83d2-3286616082a5}</UniqueIdentifier>
    </Filter>
    <Filter Include="Source Files\graph">
      <UniqueIdentifier>{be26d5f6-b6ac-4d45-82af-2e500dad176b}</UniqueIdentifier>
    </Filter>
    <Filter Include="Source Files\backtracking">
      <UniqueIdentifier>{c273831d-90ea-4640-8d99-1bceb81a9544}</UniqueIdentifier>
    </Filter>
    <Filter Include="Source Files\sort">
      <UniqueIdentifier>{c735e43a-5c26-4fd3-bc43-ece28ec2e9da}</UniqueIdentifier>
    </Filter>
  </ItemGroup>
  <ItemGroup>
    <ClInclude Include="array_test.h">
      <Filter>Header Files</Filter>
    </ClInclude>
    <ClInclude Include="stack_test.h">
      <Filter>Header Files</Filter>
    </ClInclude>
    <ClInclude Include="queue_test.h">
      <Filter>Header Files</Filter>
    </ClInclude>
    <ClInclude Include="hash_test.h">
      <Filter>Header Files</Filter>
    </ClInclude>
    <ClInclude Include="tree_test.h">
      <Filter>Header Files</Filter>
    </ClInclude>
    <ClInclude Include="set_test.h">
      <Filter>Header Files</Filter>
    </ClInclude>
    <ClInclude Include="graph_test.h">
      <Filter>Header Files</Filter>
    </ClInclude>
    <ClInclude Include="backtracking_test.h">
      <Filter>Header Files</Filter>
    </ClInclude>
    <ClInclude Include="sort_test.h">
      <Filter>Header Files</Filter>
    </ClInclude>
  </ItemGroup>
  <ItemGroup>
    <ClCompile Include="main.cpp">
      <Filter>Source Files</Filter>
    </ClCompile>
    <ClCompile Include="array_control.cpp">
      <Filter>Source Files\array</Filter>
    </ClCompile>
    <ClCompile Include="array_multiply.cpp">
      <Filter>Source Files\array</Filter>
    </ClCompile>
    <ClCompile Include="choose_two_nums_and_add.cpp">
      <Filter>Source Files\array</Filter>
    </ClCompile>
    <ClCompile Include="failure_rate.cpp">
      <Filter>Source Files\array</Filter>
    </ClCompile>
    <ClCompile Include="give_up_math.cpp">
      <Filter>Source Files\array</Filter>
    </ClCompile>
    <ClCompile Include="permutation.cpp">
      <Filter>Source Files\array</Filter>
    </ClCompile>
    <ClCompile Include="visit_len.cpp">
      <Filter>Source Files\array</Filter>
    </ClCompile>
    <ClCompile Include="bracket_match.cpp">
      <Filter>Source Files\stack</Filter>
    </ClCompile>
    <ClCompile Include="decimal_to_binary.cpp">
      <Filter>Source Files\stack</Filter>
    </ClCompile>
    <ClCompile Include="rotate_bracket.cpp">
      <Filter>Source Files\stack</Filter>
    </ClCompile>
    <ClCompile Include="remove_pair.cpp">
      <Filter>Source Files\stack</Filter>
    </ClCompile>
    <ClCompile Include="stock_price.cpp">
      <Filter>Source Files\stack</Filter>
    </ClCompile>
    <ClCompile Include="pick_up_dolls.cpp">
      <Filter>Source Files\stack</Filter>
    </ClCompile>
    <ClCompile Include="edit_table.cpp">
      <Filter>Source Files\stack</Filter>
    </ClCompile>
    <ClCompile Include="josephus.cpp">
      <Filter>Source Files\queue</Filter>
    </ClCompile>
    <ClCompile Include="function_develop.cpp">
      <Filter>Source Files\queue</Filter>
    </ClCompile>
    <ClCompile Include="trucks_on_bridge.cpp">
      <Filter>Source Files\queue</Filter>
    </ClCompile>
    <ClCompile Include="specific_value_from_two_values.cpp">
      <Filter>Source Files\hash</Filter>
    </ClCompile>
    <ClCompile Include="string_search.cpp">
      <Filter>Source Files\hash</Filter>
    </ClCompile>
    <ClCompile Include="failed_marathoner.cpp">
      <Filter>Source Files\hash</Filter>
    </ClCompile>
    <ClCompile Include="array_cut.cpp">
      <Filter>Source Files\array</Filter>
    </ClCompile>
    <ClCompile Include="correct_bracket.cpp">
      <Filter>Source Files\stack</Filter>
    </ClCompile>
    <ClCompile Include="card_bundle.cpp">
      <Filter>Source Files\queue</Filter>
    </ClCompile>
    <ClCompile Include="word_chain_game.cpp">
      <Filter>Source Files\hash</Filter>
    </ClCompile>
    <ClCompile Include="phone_book.cpp">
      <Filter>Source Files\hash</Filter>
    </ClCompile>
    <ClCompile Include="mart_sale.cpp">
      <Filter>Source Files\hash</Filter>
    </ClCompile>
    <ClCompile Include="open_chat.cpp">
      <Filter>Source Files\hash</Filter>
    </ClCompile>
    <ClCompile Include="best_album.cpp">
      <Filter>Source Files\hash</Filter>
    </ClCompile>
    <ClCompile Include="report_mail.cpp">
      <Filter>Source Files\hash</Filter>
    </ClCompile>
    <ClCompile Include="menu_renewal.cpp">
      <Filter>Source Files\hash</Filter>
    </ClCompile>
    <ClCompile Include="clothes_combination.cpp">
      <Filter>Source Files\hash</Filter>
    </ClCompile>
    <ClCompile Include="compression.cpp">
      <Filter>Source Files\hash</Filter>
    </ClCompile>
    <ClCompile Include="tree_search.cpp">
      <Filter>Source Files\tree</Filter>
    </ClCompile>
    <ClCompile Include="binary_tree_search_impl.cpp">
      <Filter>Source Files\tree</Filter>
    </ClCompile>
    <ClCompile Include="predict_match.cpp">
      <Filter>Source Files\tree</Filter>
    </ClCompile>
    <ClCompile Include="pyramid_toothbrush_sell.cpp">
      <Filter>Source Files\tree</Filter>
    </ClCompile>
    <ClCompile Include="path_find_game.cpp">
      <Filter>Source Files\tree</Filter>
    </ClCompile>
    <ClCompile Include="immigration_inspection.cpp">
      <Filter>Source Files\tree</Filter>
    </ClCompile>
    <ClCompile Include="tree_trio_middle_value.cpp">
      <Filter>Source Files\tree</Filter>
    </ClCompile>
    <ClCompile Include="simple_union_find.cpp">
      <Filter>Source Files\set</Filter>
    </ClCompile>
    <ClCompile Include="ponketmon.cpp">
      <Filter>Source Files\set</Filter>
    </ClCompile>
    <ClCompile Include="connect_island.cpp">
      <Filter>Source Files\set</Filter>
    </ClCompile>
    <ClCompile Include="dfs_search.cpp">
      <Filter>Source Files\graph</Filter>
    </ClCompile>
    <ClCompile Include="bfs_search.cpp">
      <Filter>Source Files\graph</Filter>
    </ClCompile>
    <ClCompile Include="dijkstra.cpp">
      <Filter>Source Files\graph</Filter>
    </ClCompile>
    <ClCompile Include="bellman_ford.cpp">
      <Filter>Source Files\graph</Filter>
    </ClCompile>
    <ClCompile Include="maze_escape.cpp">
      <Filter>Source Files\graph</Filter>
    </ClCompile>
    <ClCompile Include="network.cpp">
      <Filter>Source Files\graph</Filter>
    </ClCompile>
    <ClCompile Include="sheep_and_wolf.cpp">
      <Filter>Source Files\graph</Filter>
    </ClCompile>
    <ClCompile Include="delivery.cpp">
      <Filter>Source Files\graph</Filter>
    </ClCompile>
    <ClCompile Include="track_construction.cpp">
      <Filter>Source Files\graph</Filter>
    </ClCompile>
    <ClCompile Include="power_network_division.cpp">
      <Filter>Source Files\graph</Filter>
    </ClCompile>
    <ClCompile Include="farthest_node.cpp">
      <Filter>Source Files\graph</Filter>
    </ClCompile>
    <ClCompile Include="ranking.cpp">
      <Filter>Source Files\graph</Filter>
    </ClCompile>
    <ClCompile Include="target_number.cpp">
      <Filter>Source Files\graph</Filter>
    </ClCompile>
    <ClCompile Include="travel_route.cpp">
      <Filter>Source Files\graph</Filter>
    </ClCompile>
    <ClCompile Include="sum_combination_for_10.cpp">
      <Filter>Source Files\backtracking</Filter>
    </ClCompile>
    <ClCompile Include="sudoku_puzzle.cpp">
      <Filter>Source Files\backtracking</Filter>
    </ClCompile>
    <ClCompile Include="dungeon_fatigue.cpp">
      <Filter>Source Files\backtracking</Filter>
    </ClCompile>
    <ClCompile Include="n_queen.cpp">
      <Filter>Source Files\backtracking</Filter>
    </ClCompile>
    <ClCompile Include="archery_competition.cpp">
      <Filter>Source Files\backtracking</Filter>
    </ClCompile>
    <ClCompile Include="exterior_wall_inspection.cpp">
      <Filter>Source Files\backtracking</Filter>
    </ClCompile>
    <ClCompile Include="disappearing_foothold.cpp">
      <Filter>Source Files\backtracking</Filter>
    </ClCompile>
    <ClCompile Include="vowel_dictionary.cpp">
      <Filter>Source Files\backtracking</Filter>
    </ClCompile>
    <ClCompile Include="counting_sort.cpp">
      <Filter>Source Files\sort</Filter>
    </ClCompile>
    <ClCompile Include="merge_two_arrays.cpp">
      <Filter>Source Files\sort</Filter>
    </ClCompile>
    <ClCompile Include="insertion_sort.cpp">
      <Filter>Source Files\sort</Filter>
    </ClCompile>
    <ClCompile Include="quick_sort.cpp">
      <Filter>Source Files\sort</Filter>
    </ClCompile>
    <ClCompile Include="merge_sort.cpp">
      <Filter>Source Files\sort</Filter>
    </ClCompile>
    <ClCompile Include="heap_sort.cpp">
      <Filter>Source Files\sort</Filter>
    </ClCompile>
  </ItemGroup>
</Project>