<?xml version="1.0" encoding="utf-8"?>
<Project ToolsVersion="4.0" xmlns="http://schemas.microsoft.com/developer/msbuild/2003">
  <ItemGroup>
    <Filter Include="Source Files">
      <UniqueIdentifier>{4FC737F1-C7A5-4376-A066-2A32D752A2FF}</UniqueIdentifier>
      <Extensions>cpp;c;cc;cxx;c++;cppm;ixx;def;odl;idl;hpj;bat;asm;asmx</Extensions>
    </Filter>
    <Filter Include="Header Files">
      <UniqueIdentifier>{93995380-89BD-4b04-88EB-625FBE52EBFB}</UniqueIdentifier>
      <Extensions>h;hh;hpp;hxx;h++;hm;inl;inc;ipp;xsd</Extensions>
    </Filter>
    <Filter Include="Source Files\array">
      <UniqueIdentifier>{a08bd024-deca-4f3b-882b-cf4ec21bf80c}</UniqueIdentifier>
    </Filter>
    <Filter Include="Source Files\stack">
      <UniqueIdentifier>{58127662-1daf-4f9c-b69f-d55da0684048}</UniqueIdentifier>
    </Filter>
    <Filter Include="Source Files\queue">
      <UniqueIdentifier>{eed37405-d0a4-4367-9879-aa510ba5976a}</UniqueIdentifier>
    </Filter>
    <Filter Include="Source Files\hash">
      <UniqueIdentifier>{43431ad5-725f-45b7-845e-062b21980f21}</UniqueIdentifier>
    </Filter>
    <Filter Include="Source Files\tree">
      <UniqueIdentifier>{df3ee443-3bee-4f39-a65b-728193690d6e}</UniqueIdentifier>
    </Filter>
  </ItemGroup>
  <ItemGroup>
    <ClInclude Include="array_test.h">
      <Filter>Header Files</Filter>
    </ClInclude>
    <ClInclude Include="stack_test.h">
      <Filter>Header Files</Filter>
    </ClInclude>
    <ClInclude Include="queue_test.h">
      <Filter>Header Files</Filter>
    </ClInclude>
    <ClInclude Include="hash_test.h">
      <Filter>Header Files</Filter>
    </ClInclude>
    <ClInclude Include="tree_test.h">
      <Filter>Header Files</Filter>
    </ClInclude>
  </ItemGroup>
  <ItemGroup>
    <ClCompile Include="main.cpp">
      <Filter>Source Files</Filter>
    </ClCompile>
    <ClCompile Include="array_control.cpp">
      <Filter>Source Files\array</Filter>
    </ClCompile>
    <ClCompile Include="array_multiply.cpp">
      <Filter>Source Files\array</Filter>
    </ClCompile>
    <ClCompile Include="choose_two_nums_and_add.cpp">
      <Filter>Source Files\array</Filter>
    </ClCompile>
    <ClCompile Include="failure_rate.cpp">
      <Filter>Source Files\array</Filter>
    </ClCompile>
    <ClCompile Include="give_up_math.cpp">
      <Filter>Source Files\array</Filter>
    </ClCompile>
    <ClCompile Include="permutation.cpp">
      <Filter>Source Files\array</Filter>
    </ClCompile>
    <ClCompile Include="visit_len.cpp">
      <Filter>Source Files\array</Filter>
    </ClCompile>
    <ClCompile Include="bracket_match.cpp">
      <Filter>Source Files\stack</Filter>
    </ClCompile>
    <ClCompile Include="decimal_to_binary.cpp">
      <Filter>Source Files\stack</Filter>
    </ClCompile>
    <ClCompile Include="rotate_bracket.cpp">
      <Filter>Source Files\stack</Filter>
    </ClCompile>
    <ClCompile Include="remove_pair.cpp">
      <Filter>Source Files\stack</Filter>
    </ClCompile>
    <ClCompile Include="stock_price.cpp">
      <Filter>Source Files\stack</Filter>
    </ClCompile>
    <ClCompile Include="pick_up_dolls.cpp">
      <Filter>Source Files\stack</Filter>
    </ClCompile>
    <ClCompile Include="edit_table.cpp">
      <Filter>Source Files\stack</Filter>
    </ClCompile>
    <ClCompile Include="josephus.cpp">
      <Filter>Source Files\queue</Filter>
    </ClCompile>
    <ClCompile Include="function_develop.cpp">
      <Filter>Source Files\queue</Filter>
    </ClCompile>
    <ClCompile Include="trucks_on_bridge.cpp">
      <Filter>Source Files\queue</Filter>
    </ClCompile>
    <ClCompile Include="specific_value_from_two_values.cpp">
      <Filter>Source Files\hash</Filter>
    </ClCompile>
    <ClCompile Include="string_search.cpp">
      <Filter>Source Files\hash</Filter>
    </ClCompile>
    <ClCompile Include="failed_marathoner.cpp">
      <Filter>Source Files\hash</Filter>
    </ClCompile>
    <ClCompile Include="array_cut.cpp">
      <Filter>Source Files\array</Filter>
    </ClCompile>
    <ClCompile Include="correct_bracket.cpp">
      <Filter>Source Files\stack</Filter>
    </ClCompile>
    <ClCompile Include="card_bundle.cpp">
      <Filter>Source Files\queue</Filter>
    </ClCompile>
    <ClCompile Include="word_chain_game.cpp">
      <Filter>Source Files\hash</Filter>
    </ClCompile>
    <ClCompile Include="phone_book.cpp">
      <Filter>Source Files\hash</Filter>
    </ClCompile>
    <ClCompile Include="mart_sale.cpp">
      <Filter>Source Files\hash</Filter>
    </ClCompile>
    <ClCompile Include="open_chat.cpp">
      <Filter>Source Files\hash</Filter>
    </ClCompile>
    <ClCompile Include="best_album.cpp">
      <Filter>Source Files\hash</Filter>
    </ClCompile>
    <ClCompile Include="report_mail.cpp">
      <Filter>Source Files\hash</Filter>
    </ClCompile>
    <ClCompile Include="menu_renewal.cpp">
      <Filter>Source Files\hash</Filter>
    </ClCompile>
    <ClCompile Include="clothes_combination.cpp">
      <Filter>Source Files\hash</Filter>
    </ClCompile>
    <ClCompile Include="compression.cpp">
      <Filter>Source Files\hash</Filter>
    </ClCompile>
    <ClCompile Include="tree_search.cpp">
      <Filter>Source Files\tree</Filter>
    </ClCompile>
    <ClCompile Include="binary_tree_search_impl.cpp">
      <Filter>Source Files\tree</Filter>
    </ClCompile>
    <ClCompile Include="predict_match.cpp">
      <Filter>Source Files\tree</Filter>
    </ClCompile>
    <ClCompile Include="pyramid_toothbrush_sell.cpp">
      <Filter>Source Files\tree</Filter>
    </ClCompile>
  </ItemGroup>
</Project>