<?xml version="1.0" encoding="utf-8"?>
<Project ToolsVersion="4.0" xmlns="http://schemas.microsoft.com/developer/msbuild/2003">
  <ItemGroup>
    <Filter Include="Source Files">
      <UniqueIdentifier>{4FC737F1-C7A5-4376-A066-2A32D752A2FF}</UniqueIdentifier>
      <Extensions>cpp;c;cc;cxx;c++;cppm;ixx;def;odl;idl;hpj;bat;asm;asmx</Extensions>
    </Filter>
    <Filter Include="Header Files">
      <UniqueIdentifier>{93995380-89BD-4b04-88EB-625FBE52EBFB}</UniqueIdentifier>
      <Extensions>h;hh;hpp;hxx;h++;hm;inl;inc;ipp;xsd</Extensions>
    </Filter>
    <Filter Include="Source Files\array">
      <UniqueIdentifier>{4267daef-73d6-40ba-b266-11704c4312e8}</UniqueIdentifier>
    </Filter>
    <Filter Include="Source Files\stack">
      <UniqueIdentifier>{91c03cd5-71fc-4522-9ac8-8afa89aeef0b}</UniqueIdentifier>
    </Filter>
    <Filter Include="Source Files\queue">
      <UniqueIdentifier>{ac5e7edd-4e57-4068-9303-dbba649641b2}</UniqueIdentifier>
    </Filter>
    <Filter Include="Source Files\hash">
      <UniqueIdentifier>{61632500-838e-415c-9ac3-eb9f9d192481}</UniqueIdentifier>
    </Filter>
    <Filter Include="Source Files\tree">
      <UniqueIdentifier>{b2283407-fe1a-4841-af34-53b4a0146152}</UniqueIdentifier>
    </Filter>
    <Filter Include="Source Files\set">
      <UniqueIdentifier>{767adeba-b96f-49f4-9d79-42b2cc5dbec3}</UniqueIdentifier>
    </Filter>
    <Filter Include="Source Files\graph">
      <UniqueIdentifier>{8a6eab07-2129-4270-8133-da1cecf9cbe6}</UniqueIdentifier>
    </Filter>
    <Filter Include="Source Files\backtracking">
      <UniqueIdentifier>{35ec5a45-b7e8-40be-92ab-8b5a3340376a}</UniqueIdentifier>
    </Filter>
    <Filter Include="Source Files\sort">
      <UniqueIdentifier>{ba8e52d9-eebf-4367-a6b2-c21ff3c8badc}</UniqueIdentifier>
    </Filter>
    <Filter Include="Source Files\simulation">
      <UniqueIdentifier>{e963a90a-d73f-437e-b19c-0980ad546171}</UniqueIdentifier>
    </Filter>
  </ItemGroup>
  <ItemGroup>
    <ClCompile Include="main.cpp">
      <Filter>Source Files</Filter>
    </ClCompile>
    <ClCompile Include="permutation.cpp">
      <Filter>Source Files\array</Filter>
    </ClCompile>
    <ClCompile Include="array_control.cpp">
      <Filter>Source Files\array</Filter>
    </ClCompile>
    <ClCompile Include="stack_test.h">
      <Filter>Header Files</Filter>
    </ClCompile>
    <ClCompile Include="matching_bracket.cpp">
      <Filter>Source Files\stack</Filter>
    </ClCompile>
    <ClCompile Include="decimal_to_binary.cpp">
      <Filter>Source Files\stack</Filter>
    </ClCompile>
    <ClCompile Include="josephus_problem.cpp">
      <Filter>Source Files\queue</Filter>
    </ClCompile>
    <ClCompile Include="making_number_from_two.cpp">
      <Filter>Source Files\hash</Filter>
    </ClCompile>
    <ClCompile Include="string_search.cpp">
      <Filter>Source Files\hash</Filter>
    </ClCompile>
    <ClCompile Include="tree_exhaustive_search.cpp">
      <Filter>Source Files\tree</Filter>
    </ClCompile>
    <ClCompile Include="binary_search_impl.cpp">
      <Filter>Source Files\tree</Filter>
    </ClCompile>
    <ClCompile Include="simple_union_find.cpp">
      <Filter>Source Files\set</Filter>
    </ClCompile>
    <ClCompile Include="dfs.cpp">
      <Filter>Source Files\graph</Filter>
    </ClCompile>
    <ClCompile Include="bfs.cpp">
      <Filter>Source Files\graph</Filter>
    </ClCompile>
    <ClCompile Include="dijkstra.cpp">
      <Filter>Source Files\graph</Filter>
    </ClCompile>
    <ClCompile Include="bellman_ford.cpp">
      <Filter>Source Files\graph</Filter>
    </ClCompile>
    <ClCompile Include="10_combination.cpp">
      <Filter>Source Files\backtracking</Filter>
    </ClCompile>
    <ClCompile Include="sudoku.cpp">
      <Filter>Source Files\backtracking</Filter>
    </ClCompile>
    <ClCompile Include="insertion_sort.cpp">
      <Filter>Source Files\sort</Filter>
    </ClCompile>
    <ClCompile Include="merge_sort.cpp">
      <Filter>Source Files\sort</Filter>
    </ClCompile>
    <ClCompile Include="heap_sort.cpp">
      <Filter>Source Files\sort</Filter>
    </ClCompile>
    <ClCompile Include="bubble_sort.cpp">
      <Filter>Source Files\sort</Filter>
    </ClCompile>
    <ClCompile Include="quick_sort.cpp">
      <Filter>Source Files\sort</Filter>
    </ClCompile>
    <ClCompile Include="counting_sourt.cpp">
      <Filter>Source Files\sort</Filter>
    </ClCompile>
    <ClCompile Include="merge_two_arrays.cpp">
      <Filter>Source Files\sort</Filter>
    </ClCompile>
    <ClCompile Include="array_rotation.cpp">
      <Filter>Source Files\simulation</Filter>
    </ClCompile>
    <ClCompile Include="multiply_matrix_and_make_transposed.cpp">
      <Filter>Source Files\simulation</Filter>
    </ClCompile>
    <ClCompile Include="snail_sequence.cpp">
      <Filter>Source Files\simulation</Filter>
    </ClCompile>
    <ClCompile Include="joystick.cpp">
      <Filter>Source Files\simulation</Filter>
    </ClCompile>
  </ItemGroup>
  <ItemGroup>
    <ClInclude Include="array_test.h">
      <Filter>Header Files</Filter>
    </ClInclude>
    <ClInclude Include="queue_test.h">
      <Filter>Header Files</Filter>
    </ClInclude>
    <ClInclude Include="hash_test.h">
      <Filter>Header Files</Filter>
    </ClInclude>
    <ClInclude Include="tree_test.h">
      <Filter>Header Files</Filter>
    </ClInclude>
    <ClInclude Include="set_test.h">
      <Filter>Header Files</Filter>
    </ClInclude>
    <ClInclude Include="graph_test.h">
      <Filter>Header Files</Filter>
    </ClInclude>
    <ClInclude Include="backtracking_test.h">
      <Filter>Header Files</Filter>
    </ClInclude>
    <ClInclude Include="sort_test.h">
      <Filter>Header Files</Filter>
    </ClInclude>
    <ClInclude Include="simulation_test.h">
      <Filter>Header Files</Filter>
    </ClInclude>
  </ItemGroup>
</Project>