<?xml version="1.0" encoding="utf-8"?>
<Project ToolsVersion="4.0" xmlns="http://schemas.microsoft.com/developer/msbuild/2003">
  <ItemGroup>
    <Filter Include="Source Files">
      <UniqueIdentifier>{4FC737F1-C7A5-4376-A066-2A32D752A2FF}</UniqueIdentifier>
      <Extensions>cpp;c;cc;cxx;c++;cppm;ixx;def;odl;idl;hpj;bat;asm;asmx</Extensions>
    </Filter>
    <Filter Include="Header Files">
      <UniqueIdentifier>{93995380-89BD-4b04-88EB-625FBE52EBFB}</UniqueIdentifier>
      <Extensions>h;hh;hpp;hxx;h++;hm;inl;inc;ipp;xsd</Extensions>
    </Filter>
    <Filter Include="Source Files\array">
      <UniqueIdentifier>{4267daef-73d6-40ba-b266-11704c4312e8}</UniqueIdentifier>
    </Filter>
    <Filter Include="Source Files\stack">
      <UniqueIdentifier>{91c03cd5-71fc-4522-9ac8-8afa89aeef0b}</UniqueIdentifier>
    </Filter>
    <Filter Include="Source Files\queue">
      <UniqueIdentifier>{ac5e7edd-4e57-4068-9303-dbba649641b2}</UniqueIdentifier>
    </Filter>
    <Filter Include="Source Files\hash">
      <UniqueIdentifier>{61632500-838e-415c-9ac3-eb9f9d192481}</UniqueIdentifier>
    </Filter>
  </ItemGroup>
  <ItemGroup>
    <ClCompile Include="main.cpp">
      <Filter>Source Files</Filter>
    </ClCompile>
    <ClCompile Include="permutation.cpp">
      <Filter>Source Files\array</Filter>
    </ClCompile>
    <ClCompile Include="array_control.cpp">
      <Filter>Source Files\array</Filter>
    </ClCompile>
    <ClCompile Include="stack_test.h">
      <Filter>Header Files</Filter>
    </ClCompile>
    <ClCompile Include="matching_bracket.cpp">
      <Filter>Source Files\stack</Filter>
    </ClCompile>
    <ClCompile Include="decimal_to_binary.cpp">
      <Filter>Source Files\stack</Filter>
    </ClCompile>
    <ClCompile Include="josephus_problem.cpp">
      <Filter>Source Files\queue</Filter>
    </ClCompile>
    <ClCompile Include="making_number_from_two.cpp">
      <Filter>Source Files\hash</Filter>
    </ClCompile>
    <ClCompile Include="string_search.cpp">
      <Filter>Source Files\hash</Filter>
    </ClCompile>
  </ItemGroup>
  <ItemGroup>
    <ClInclude Include="array_test.h">
      <Filter>Header Files</Filter>
    </ClInclude>
    <ClInclude Include="queue_test.h">
      <Filter>Header Files</Filter>
    </ClInclude>
    <ClInclude Include="hash_test.h">
      <Filter>Header Files</Filter>
    </ClInclude>
  </ItemGroup>
</Project>